<?xml version="1.0" encoding="utf-8"?>
<Project ToolsVersion="4.0" xmlns="http://schemas.microsoft.com/developer/msbuild/2003">
  <ItemGroup>
    <Filter Include="Core">
      <UniqueIdentifier>{93995380-89BD-4b04-88EB-625FBE52EBFB}</UniqueIdentifier>
      <Extensions>h;hh;hpp;hxx;h++;hm;inl;inc;ipp;xsd</Extensions>
    </Filter>
    <Filter Include="Device">
      <UniqueIdentifier>{9400bd6c-45ae-4449-994a-1e6528a4556c}</UniqueIdentifier>
    </Filter>
  </ItemGroup>
  <ItemGroup>
    <ClInclude Include="Core\stdafx.h">
      <Filter>Core</Filter>
    </ClInclude>
    <ClInclude Include="Core\d3dx12.h">
      <Filter>Core</Filter>
    </ClInclude>
    <ClInclude Include="Core\Log.h">
      <Filter>Core</Filter>
    </ClInclude>
    <ClInclude Include="Core\Utils.h">
      <Filter>Core</Filter>
    </ClInclude>
    <ClInclude Include="Core\Window.h">
      <Filter>Core</Filter>
    </ClInclude>
    <ClInclude Include="Core\Error.h">
      <Filter>Core</Filter>
    </ClInclude>
    <ClInclude Include="Device\Device.h">
      <Filter>Device</Filter>
    </ClInclude>
    <ClInclude Include="Device\CommandListPool.h">
      <Filter>Device</Filter>
    </ClInclude>
  </ItemGroup>
  <ItemGroup>
    <ClCompile Include="Core\Log.cpp">
      <Filter>Core</Filter>
    </ClCompile>
    <ClCompile Include="Core\Window.cpp">
      <Filter>Core</Filter>
    </ClCompile>
    <ClCompile Include="Device\Device.cpp">
      <Filter>Device</Filter>
    </ClCompile>
    <ClCompile Include="Device\CommandListPool.cpp" />
  </ItemGroup>
</Project>