<?xml version="1.0" encoding="utf-8"?>
<Project ToolsVersion="4.0" xmlns="http://schemas.microsoft.com/developer/msbuild/2003">
  <ItemGroup>
    <Filter Include="Core">
      <UniqueIdentifier>{93995380-89BD-4b04-88EB-625FBE52EBFB}</UniqueIdentifier>
      <Extensions>h;hh;hpp;hxx;h++;hm;inl;inc;ipp;xsd</Extensions>
    </Filter>
    <Filter Include="Device">
      <UniqueIdentifier>{9400bd6c-45ae-4449-994a-1e6528a4556c}</UniqueIdentifier>
    </Filter>
    <Filter Include="Resource">
      <UniqueIdentifier>{96201013-06d1-47f4-a675-ca338676d436}</UniqueIdentifier>
    </Filter>
  </ItemGroup>
  <ItemGroup>
    <ClInclude Include="Core\stdafx.h">
      <Filter>Core</Filter>
    </ClInclude>
    <ClInclude Include="Core\d3dx12.h">
      <Filter>Core</Filter>
    </ClInclude>
    <ClInclude Include="Core\Log.h">
      <Filter>Core</Filter>
    </ClInclude>
    <ClInclude Include="Core\Utils.h">
      <Filter>Core</Filter>
    </ClInclude>
    <ClInclude Include="Core\Window.h">
      <Filter>Core</Filter>
    </ClInclude>
    <ClInclude Include="Core\Error.h">
      <Filter>Core</Filter>
    </ClInclude>
    <ClInclude Include="Device\Device.h">
      <Filter>Device</Filter>
    </ClInclude>
    <ClInclude Include="Device\CommandListPool.h">
      <Filter>Device</Filter>
    </ClInclude>
    <ClInclude Include="Device\CommandGraph.h">
      <Filter>Device</Filter>
    </ClInclude>
    <ClInclude Include="Resource\BufferedResource.h">
      <Filter>Resource</Filter>
    </ClInclude>
    <ClInclude Include="Resource\CommitedResource.h">
      <Filter>Resource</Filter>
    </ClInclude>
    <ClInclude Include="Resource\DescriptorVector.h">
      <Filter>Resource</Filter>
    </ClInclude>
    <ClInclude Include="Resource\PipelineStateObjectPool.h">
      <Filter>Resource</Filter>
    </ClInclude>
    <ClInclude Include="Resource\RenderTarget.h">
      <Filter>Resource</Filter>
    </ClInclude>
    <ClInclude Include="Resource\RootSignature.h">
      <Filter>Resource</Filter>
    </ClInclude>
    <ClInclude Include="Resource\Mesh.h">
      <Filter>Resource</Filter>
    </ClInclude>
  </ItemGroup>
  <ItemGroup>
    <ClCompile Include="Core\Log.cpp">
      <Filter>Core</Filter>
    </ClCompile>
    <ClCompile Include="Core\Window.cpp">
      <Filter>Core</Filter>
    </ClCompile>
    <ClCompile Include="Device\Device.cpp">
      <Filter>Device</Filter>
    </ClCompile>
    <ClCompile Include="Device\CommandGraph.cpp">
      <Filter>Device</Filter>
    </ClCompile>
    <ClCompile Include="Device\CommandListPool.cpp">
      <Filter>Device</Filter>
    </ClCompile>
    <ClCompile Include="Core\StaticDefinitions.cpp">
      <Filter>Core</Filter>
    </ClCompile>
    <ClCompile Include="Core\Error.cpp">
      <Filter>Core</Filter>
    </ClCompile>
    <ClCompile Include="Resource\CommitedResource.cpp">
      <Filter>Resource</Filter>
    </ClCompile>
    <ClCompile Include="Resource\DescriptorVector.cpp">
      <Filter>Resource</Filter>
    </ClCompile>
    <ClCompile Include="Resource\PipelineStateObjectPool.cpp">
      <Filter>Resource</Filter>
    </ClCompile>
    <ClCompile Include="Resource\RenderTarget.cpp">
      <Filter>Resource</Filter>
    </ClCompile>
    <ClCompile Include="Resource\Mesh.cpp">
      <Filter>Resource</Filter>
    </ClCompile>
  </ItemGroup>
  <ItemGroup>
    <None Include="packages.config" />
  </ItemGroup>
</Project>